
Microsoft Visual Studio Solution File, Format Version 12.00
# Visual Studio Version 16
VisualStudioVersion = 16.0.30523.141
MinimumVisualStudioVersion = 10.0.40219.1
Project("{9A19103F-16F7-4668-BE54-9A1E7A4F7556}") = "EFCore.WebApi", "EFCore.WebApi\EFCore.WebApi.csproj", "{3519E8EB-95A4-4A50-B419-0EDF1D487638}"
EndProject
Project("{9A19103F-16F7-4668-BE54-9A1E7A4F7556}") = "EFCore.Domain", "EFCore.Domain\EFCore.Domain.csproj", "{8DE36C3B-0C04-4018-9470-F273694C327C}"
EndProject
Project("{9A19103F-16F7-4668-BE54-9A1E7A4F7556}") = "EFCore.Infra", "EFCore.Infra\EFCore.Infra.csproj", "{91ABDE30-EFD0-4007-A157-9931AC0F342A}"
EndProject
Global
	GlobalSection(SolutionConfigurationPlatforms) = preSolution
		Debug|Any CPU = Debug|Any CPU
		Release|Any CPU = Release|Any CPU
	EndGlobalSection
	GlobalSection(ProjectConfigurationPlatforms) = postSolution
		{3519E8EB-95A4-4A50-B419-0EDF1D487638}.Debug|Any CPU.ActiveCfg = Debug|Any CPU
		{3519E8EB-95A4-4A50-B419-0EDF1D487638}.Debug|Any CPU.Build.0 = Debug|Any CPU
		{3519E8EB-95A4-4A50-B419-0EDF1D487638}.Release|Any CPU.ActiveCfg = Release|Any CPU
		{3519E8EB-95A4-4A50-B419-0EDF1D487638}.Release|Any CPU.Build.0 = Release|Any CPU
		{8DE36C3B-0C04-4018-9470-F273694C327C}.Debug|Any CPU.ActiveCfg = Debug|Any CPU
		{8DE36C3B-0C04-4018-9470-F273694C327C}.Debug|Any CPU.Build.0 = Debug|Any CPU
		{8DE36C3B-0C04-4018-9470-F273694C327C}.Release|Any CPU.ActiveCfg = Release|Any CPU
		{8DE36C3B-0C04-4018-9470-F273694C327C}.Release|Any CPU.Build.0 = Release|Any CPU
		{91ABDE30-EFD0-4007-A157-9931AC0F342A}.Debug|Any CPU.ActiveCfg = Debug|Any CPU
		{91ABDE30-EFD0-4007-A157-9931AC0F342A}.Debug|Any CPU.Build.0 = Debug|Any CPU
		{91ABDE30-EFD0-4007-A157-9931AC0F342A}.Release|Any CPU.ActiveCfg = Release|Any CPU
		{91ABDE30-EFD0-4007-A157-9931AC0F342A}.Release|Any CPU.Build.0 = Release|Any CPU
	EndGlobalSection
	GlobalSection(SolutionProperties) = preSolution
		HideSolutionNode = FALSE
	EndGlobalSection
	GlobalSection(ExtensibilityGlobals) = postSolution
		SolutionGuid = {D8260DFC-B015-4B6E-8F01-A3FA36B9750A}
	EndGlobalSection
EndGlobal
